
Microsoft Visual Studio Solution File, Format Version 12.00
# Visual Studio Version 17
VisualStudioVersion = 17.7.34202.233
MinimumVisualStudioVersion = 10.0.40219.1
Project("{FAE04EC0-301F-11D3-BF4B-00C04F79EFBC}") = "atividade9", "atividade9.csproj", "{6576B318-7226-4588-84B8-A182E3DBBDFD}"
EndProject
Global
	GlobalSection(SolutionConfigurationPlatforms) = preSolution
		Debug|Any CPU = Debug|Any CPU
		Release|Any CPU = Release|Any CPU
	EndGlobalSection
	GlobalSection(ProjectConfigurationPlatforms) = postSolution
		{6576B318-7226-4588-84B8-A182E3DBBDFD}.Debug|Any CPU.ActiveCfg = Debug|Any CPU
		{6576B318-7226-4588-84B8-A182E3DBBDFD}.Debug|Any CPU.Build.0 = Debug|Any CPU
		{6576B318-7226-4588-84B8-A182E3DBBDFD}.Release|Any CPU.ActiveCfg = Release|Any CPU
		{6576B318-7226-4588-84B8-A182E3DBBDFD}.Release|Any CPU.Build.0 = Release|Any CPU
	EndGlobalSection
	GlobalSection(SolutionProperties) = preSolution
		HideSolutionNode = FALSE
	EndGlobalSection
	GlobalSection(ExtensibilityGlobals) = postSolution
		SolutionGuid = {A0497D98-9B16-483B-8D43-AB8B5783995F}
	EndGlobalSection
EndGlobal
