
Microsoft Visual Studio Solution File, Format Version 12.00
# Visual Studio Version 17
VisualStudioVersion = 17.7.34202.233
MinimumVisualStudioVersion = 10.0.40219.1
Project("{FAE04EC0-301F-11D3-BF4B-00C04F79EFBC}") = "atividade7", "atividade7.csproj", "{C63F5002-4972-42DC-9F12-C93A08D71D56}"
EndProject
Global
	GlobalSection(SolutionConfigurationPlatforms) = preSolution
		Debug|Any CPU = Debug|Any CPU
		Release|Any CPU = Release|Any CPU
	EndGlobalSection
	GlobalSection(ProjectConfigurationPlatforms) = postSolution
		{C63F5002-4972-42DC-9F12-C93A08D71D56}.Debug|Any CPU.ActiveCfg = Debug|Any CPU
		{C63F5002-4972-42DC-9F12-C93A08D71D56}.Debug|Any CPU.Build.0 = Debug|Any CPU
		{C63F5002-4972-42DC-9F12-C93A08D71D56}.Release|Any CPU.ActiveCfg = Release|Any CPU
		{C63F5002-4972-42DC-9F12-C93A08D71D56}.Release|Any CPU.Build.0 = Release|Any CPU
	EndGlobalSection
	GlobalSection(SolutionProperties) = preSolution
		HideSolutionNode = FALSE
	EndGlobalSection
	GlobalSection(ExtensibilityGlobals) = postSolution
		SolutionGuid = {A6B37DD3-579E-4D15-8E91-66E3078B615A}
	EndGlobalSection
EndGlobal
