
Microsoft Visual Studio Solution File, Format Version 12.00
# Visual Studio Version 17
VisualStudioVersion = 17.7.34202.233
MinimumVisualStudioVersion = 10.0.40219.1
Project("{FAE04EC0-301F-11D3-BF4B-00C04F79EFBC}") = "atividade01", "atividade01.csproj", "{47C47998-6244-48F2-9038-465AC3AFA702}"
EndProject
Global
	GlobalSection(SolutionConfigurationPlatforms) = preSolution
		Debug|Any CPU = Debug|Any CPU
		Release|Any CPU = Release|Any CPU
	EndGlobalSection
	GlobalSection(ProjectConfigurationPlatforms) = postSolution
		{47C47998-6244-48F2-9038-465AC3AFA702}.Debug|Any CPU.ActiveCfg = Debug|Any CPU
		{47C47998-6244-48F2-9038-465AC3AFA702}.Debug|Any CPU.Build.0 = Debug|Any CPU
		{47C47998-6244-48F2-9038-465AC3AFA702}.Release|Any CPU.ActiveCfg = Release|Any CPU
		{47C47998-6244-48F2-9038-465AC3AFA702}.Release|Any CPU.Build.0 = Release|Any CPU
	EndGlobalSection
	GlobalSection(SolutionProperties) = preSolution
		HideSolutionNode = FALSE
	EndGlobalSection
	GlobalSection(ExtensibilityGlobals) = postSolution
		SolutionGuid = {99A953C0-2F8C-4818-83A4-860364988365}
	EndGlobalSection
EndGlobal
